
Microsoft Visual Studio Solution File, Format Version 12.00
# Visual Studio 15
Project("{8BC9CEB8-8B4A-11D0-8D11-00A0C91BC942}") = "im3d_multicontext", "im3d_multicontext.vcxproj", "{216F6004-8D85-5E9A-D6FC-E9BB42522F22}"
EndProject
Global
	GlobalSection(SolutionConfigurationPlatforms) = preSolution
		Debug|Win32 = Debug|Win32
		Debug|Win64 = Debug|Win64
		Release|Win32 = Release|Win32
		Release|Win64 = Release|Win64
	EndGlobalSection
	GlobalSection(ProjectConfigurationPlatforms) = postSolution
		{216F6004-8D85-5E9A-D6FC-E9BB42522F22}.Debug|Win32.ActiveCfg = Debug|Win32
		{216F6004-8D85-5E9A-D6FC-E9BB42522F22}.Debug|Win32.Build.0 = Debug|Win32
		{216F6004-8D85-5E9A-D6FC-E9BB42522F22}.Debug|Win64.ActiveCfg = Debug Win64|x64
		{216F6004-8D85-5E9A-D6FC-E9BB42522F22}.Debug|Win64.Build.0 = Debug Win64|x64
		{216F6004-8D85-5E9A-D6FC-E9BB42522F22}.Release|Win32.ActiveCfg = Release|Win32
		{216F6004-8D85-5E9A-D6FC-E9BB42522F22}.Release|Win32.Build.0 = Release|Win32
		{216F6004-8D85-5E9A-D6FC-E9BB42522F22}.Release|Win64.ActiveCfg = Release Win64|x64
		{216F6004-8D85-5E9A-D6FC-E9BB42522F22}.Release|Win64.Build.0 = Release Win64|x64
	EndGlobalSection
	GlobalSection(SolutionProperties) = preSolution
		HideSolutionNode = FALSE
	EndGlobalSection
EndGlobal
