
Microsoft Visual Studio Solution File, Format Version 12.00
# Visual Studio 15
Project("{8BC9CEB8-8B4A-11D0-8D11-00A0C91BC942}") = "im3d_directx11", "im3d_directx11.vcxproj", "{A690B81F-925E-AC25-7BF2-1C4C675F888A}"
EndProject
Global
	GlobalSection(SolutionConfigurationPlatforms) = preSolution
		Debug|Win32 = Debug|Win32
		Debug|Win64 = Debug|Win64
		Release|Win32 = Release|Win32
		Release|Win64 = Release|Win64
	EndGlobalSection
	GlobalSection(ProjectConfigurationPlatforms) = postSolution
		{A690B81F-925E-AC25-7BF2-1C4C675F888A}.Debug|Win32.ActiveCfg = Debug|Win32
		{A690B81F-925E-AC25-7BF2-1C4C675F888A}.Debug|Win32.Build.0 = Debug|Win32
		{A690B81F-925E-AC25-7BF2-1C4C675F888A}.Debug|Win64.ActiveCfg = Debug Win64|x64
		{A690B81F-925E-AC25-7BF2-1C4C675F888A}.Debug|Win64.Build.0 = Debug Win64|x64
		{A690B81F-925E-AC25-7BF2-1C4C675F888A}.Release|Win32.ActiveCfg = Release|Win32
		{A690B81F-925E-AC25-7BF2-1C4C675F888A}.Release|Win32.Build.0 = Release|Win32
		{A690B81F-925E-AC25-7BF2-1C4C675F888A}.Release|Win64.ActiveCfg = Release Win64|x64
		{A690B81F-925E-AC25-7BF2-1C4C675F888A}.Release|Win64.Build.0 = Release Win64|x64
	EndGlobalSection
	GlobalSection(SolutionProperties) = preSolution
		HideSolutionNode = FALSE
	EndGlobalSection
EndGlobal
